
Microsoft Visual Studio Solution File, Format Version 12.00
# Visual Studio 2012
Project("{8BC9CEB8-8B4A-11D0-8D11-00A0C91BC942}") = "test-qt", "test-qt.vcxproj", "{18C2EDD8-9B19-3CC9-9CF3-3EA54D12D3EA}"
EndProject
Global
	GlobalSection(SolutionConfigurationPlatforms) = preSolution
		Debug|Win32 = Debug|Win32
		Release|Win32 = Release|Win32
	EndGlobalSection
	GlobalSection(ProjectConfigurationPlatforms) = postSolution
		{18C2EDD8-9B19-3CC9-9CF3-3EA54D12D3EA}.Debug|Win32.ActiveCfg = Debug|Win32
		{18C2EDD8-9B19-3CC9-9CF3-3EA54D12D3EA}.Debug|Win32.Build.0 = Debug|Win32
		{18C2EDD8-9B19-3CC9-9CF3-3EA54D12D3EA}.Release|Win32.ActiveCfg = Release|Win32
		{18C2EDD8-9B19-3CC9-9CF3-3EA54D12D3EA}.Release|Win32.Build.0 = Release|Win32
	EndGlobalSection
	GlobalSection(SolutionProperties) = preSolution
		HideSolutionNode = FALSE
	EndGlobalSection
EndGlobal
